
Microsoft Visual Studio Solution File, Format Version 12.00
# Visual Studio Version 17
VisualStudioVersion = 17.2.32602.215
MinimumVisualStudioVersion = 10.0.40219.1
Project("{FAE04EC0-301F-11D3-BF4B-00C04F79EFBC}") = "BuildingRelationshipsEmployer", "BuildingRelationshipsEmployer\BuildingRelationshipsEmployer.csproj", "{FDC685D7-E0F6-438D-A512-99660A10DC19}"
EndProject
Global
	GlobalSection(SolutionConfigurationPlatforms) = preSolution
		Debug|Any CPU = Debug|Any CPU
		Release|Any CPU = Release|Any CPU
	EndGlobalSection
	GlobalSection(ProjectConfigurationPlatforms) = postSolution
		{FDC685D7-E0F6-438D-A512-99660A10DC19}.Debug|Any CPU.ActiveCfg = Debug|Any CPU
		{FDC685D7-E0F6-438D-A512-99660A10DC19}.Debug|Any CPU.Build.0 = Debug|Any CPU
		{FDC685D7-E0F6-438D-A512-99660A10DC19}.Release|Any CPU.ActiveCfg = Release|Any CPU
		{FDC685D7-E0F6-438D-A512-99660A10DC19}.Release|Any CPU.Build.0 = Release|Any CPU
	EndGlobalSection
	GlobalSection(SolutionProperties) = preSolution
		HideSolutionNode = FALSE
	EndGlobalSection
	GlobalSection(ExtensibilityGlobals) = postSolution
		SolutionGuid = {66F27DC3-AA9F-4481-8DC3-33FE1A0469F8}
	EndGlobalSection
EndGlobal
